// !$*UTF8*$!
{
	archiveVersion = 1;
	classes = {
	};
	objectVersion = 46;
	objects = {

/* Begin PBXBuildFile section */
		4CCB71271F1636F30000C03B /* TargetDate.swift in Sources */ = {isa = PBXBuildFile; fileRef = 4CCB71261F1636F30000C03B /* TargetDate.swift */; };
		4CCB71291F164CA90000C03B /* MyTableViewCell.swift in Sources */ = {isa = PBXBuildFile; fileRef = 4CCB71281F164CA90000C03B /* MyTableViewCell.swift */; };
		4CD7F1971F1272BE0022A2E0 /* AddNewDateViewController.swift in Sources */ = {isa = PBXBuildFile; fileRef = 4CD7F1961F1272BE0022A2E0 /* AddNewDateViewController.swift */; };
		4CF8BB9B1EF5594C00F50541 /* AppDelegate.swift in Sources */ = {isa = PBXBuildFile; fileRef = 4CF8BB9A1EF5594C00F50541 /* AppDelegate.swift */; };
		4CF8BB9D1EF5594D00F50541 /* ViewController.swift in Sources */ = {isa = PBXBuildFile; fileRef = 4CF8BB9C1EF5594D00F50541 /* ViewController.swift */; };
		4CF8BBA01EF5594D00F50541 /* Main.storyboard in Resources */ = {isa = PBXBuildFile; fileRef = 4CF8BB9E1EF5594D00F50541 /* Main.storyboard */; };
		4CF8BBA21EF5594D00F50541 /* Assets.xcassets in Resources */ = {isa = PBXBuildFile; fileRef = 4CF8BBA11EF5594D00F50541 /* Assets.xcassets */; };
		4CF8BBA51EF5594D00F50541 /* LaunchScreen.storyboard in Resources */ = {isa = PBXBuildFile; fileRef = 4CF8BBA31EF5594D00F50541 /* LaunchScreen.storyboard */; };
/* End PBXBuildFile section */

/* Begin PBXFileReference section */
		4CCB71261F1636F30000C03B /* TargetDate.swift */ = {isa = PBXFileReference; fileEncoding = 4; lastKnownFileType = sourcecode.swift; name = TargetDate.swift; path = ../TargetDate.swift; sourceTree = "<group>"; };
		4CCB71281F164CA90000C03B /* MyTableViewCell.swift */ = {isa = PBXFileReference; fileEncoding = 4; lastKnownFileType = sourcecode.swift; path = MyTableViewCell.swift; sourceTree = "<group>"; };
		4CD7F1961F1272BE0022A2E0 /* AddNewDateViewController.swift */ = {isa = PBXFileReference; fileEncoding = 4; lastKnownFileType = sourcecode.swift; path = AddNewDateViewController.swift; sourceTree = "<group>"; };
		4CF8BB971EF5594C00F50541 /* Days To Go.app */ = {isa = PBXFileReference; explicitFileType = wrapper.application; includeInIndex = 0; path = "Days To Go.app"; sourceTree = BUILT_PRODUCTS_DIR; };
		4CF8BB9A1EF5594C00F50541 /* AppDelegate.swift */ = {isa = PBXFileReference; lastKnownFileType = sourcecode.swift; path = AppDelegate.swift; sourceTree = "<group>"; };
		4CF8BB9C1EF5594D00F50541 /* ViewController.swift */ = {isa = PBXFileReference; lastKnownFileType = sourcecode.swift; path = ViewController.swift; sourceTree = "<group>"; };
		4CF8BB9F1EF5594D00F50541 /* Base */ = {isa = PBXFileReference; lastKnownFileType = file.storyboard; name = Base; path = Base.lproj/Main.storyboard; sourceTree = "<group>"; };
		4CF8BBA11EF5594D00F50541 /* Assets.xcassets */ = {isa = PBXFileReference; lastKnownFileType = folder.assetcatalog; path = Assets.xcassets; sourceTree = "<group>"; };
		4CF8BBA41EF5594D00F50541 /* Base */ = {isa = PBXFileReference; lastKnownFileType = file.storyboard; name = Base; path = Base.lproj/LaunchScreen.storyboard; sourceTree = "<group>"; };
		4CF8BBA61EF5594D00F50541 /* Info.plist */ = {isa = PBXFileReference; lastKnownFileType = text.plist.xml; path = Info.plist; sourceTree = "<group>"; };
/* End PBXFileReference section */

/* Begin PBXFrameworksBuildPhase section */
		4CF8BB941EF5594C00F50541 /* Frameworks */ = {
			isa = PBXFrameworksBuildPhase;
			buildActionMask = 2147483647;
			files = (
			);
			runOnlyForDeploymentPostprocessing = 0;
		};
/* End PBXFrameworksBuildPhase section */

/* Begin PBXGroup section */
		4CF8BB8E1EF5594C00F50541 = {
			isa = PBXGroup;
			children = (
				4CF8BB991EF5594C00F50541 /* Days To Go */,
				4CF8BB981EF5594C00F50541 /* Products */,
			);
			sourceTree = "<group>";
		};
		4CF8BB981EF5594C00F50541 /* Products */ = {
			isa = PBXGroup;
			children = (
				4CF8BB971EF5594C00F50541 /* Days To Go.app */,
			);
			name = Products;
			sourceTree = "<group>";
		};
		4CF8BB991EF5594C00F50541 /* Days To Go */ = {
			isa = PBXGroup;
			children = (
				4CD7F1961F1272BE0022A2E0 /* AddNewDateViewController.swift */,
				4CF8BB9A1EF5594C00F50541 /* AppDelegate.swift */,
				4CCB71281F164CA90000C03B /* MyTableViewCell.swift */,
				4CCB71261F1636F30000C03B /* TargetDate.swift */,
				4CF8BB9C1EF5594D00F50541 /* ViewController.swift */,
				4CF8BB9E1EF5594D00F50541 /* Main.storyboard */,
				4CF8BBA11EF5594D00F50541 /* Assets.xcassets */,
				4CF8BBA31EF5594D00F50541 /* LaunchScreen.storyboard */,
				4CF8BBA61EF5594D00F50541 /* Info.plist */,
			);
			path = "Days To Go";
			sourceTree = "<group>";
		};
/* End PBXGroup section */

/* Begin PBXNativeTarget section */
		4CF8BB961EF5594C00F50541 /* Days To Go */ = {
			isa = PBXNativeTarget;
			buildConfigurationList = 4CF8BBA91EF5594D00F50541 /* Build configuration list for PBXNativeTarget "Days To Go" */;
			buildPhases = (
				4CF8BB931EF5594C00F50541 /* Sources */,
				4CF8BB941EF5594C00F50541 /* Frameworks */,
				4CF8BB951EF5594C00F50541 /* Resources */,
			);
			buildRules = (
			);
			dependencies = (
			);
			name = "Days To Go";
			productName = "Days To Go";
			productReference = 4CF8BB971EF5594C00F50541 /* Days To Go.app */;
			productType = "com.apple.product-type.application";
		};
/* End PBXNativeTarget section */

/* Begin PBXProject section */
		4CF8BB8F1EF5594C00F50541 /* Project object */ = {
			isa = PBXProject;
			attributes = {
				LastSwiftUpdateCheck = 0830;
				LastUpgradeCheck = 0830;
				ORGANIZATIONNAME = "Joe Riggs";
				TargetAttributes = {
					4CF8BB961EF5594C00F50541 = {
						CreatedOnToolsVersion = 8.3.2;
						ProvisioningStyle = Automatic;
					};
				};
			};
			buildConfigurationList = 4CF8BB921EF5594C00F50541 /* Build configuration list for PBXProject "Days To Go" */;
			compatibilityVersion = "Xcode 3.2";
			developmentRegion = English;
			hasScannedForEncodings = 0;
			knownRegions = (
				en,
				Base,
			);
			mainGroup = 4CF8BB8E1EF5594C00F50541;
			productRefGroup = 4CF8BB981EF5594C00F50541 /* Products */;
			projectDirPath = "";
			projectRoot = "";
			targets = (
				4CF8BB961EF5594C00F50541 /* Days To Go */,
			);
		};
/* End PBXProject section */

/* Begin PBXResourcesBuildPhase section */
		4CF8BB951EF5594C00F50541 /* Resources */ = {
			isa = PBXResourcesBuildPhase;
			buildActionMask = 2147483647;
			files = (
				4CF8BBA51EF5594D00F50541 /* LaunchScreen.storyboard in Resources */,
				4CF8BBA21EF5594D00F50541 /* Assets.xcassets in Resources */,
				4CF8BBA01EF5594D00F50541 /* Main.storyboard in Resources */,
			);
			runOnlyForDeploymentPostprocessing = 0;
		};
/* End PBXResourcesBuildPhase section */

/* Begin PBXSourcesBuildPhase section */
		4CF8BB931EF5594C00F50541 /* Sources */ = {
			isa = PBXSourcesBuildPhase;
			buildActionMask = 2147483647;
			files = (
				4CCB71271F1636F30000C03B /* TargetDate.swift in Sources */,
				4CF8BB9D1EF5594D00F50541 /* ViewController.swift in Sources */,
				4CD7F1971F1272BE0022A2E0 /* AddNewDateViewController.swift in Sources */,
				4CCB71291F164CA90000C03B /* MyTableViewCell.swift in Sources */,
				4CF8BB9B1EF5594C00F50541 /* AppDelegate.swift in Sources */,
			);
			runOnlyForDeploymentPostprocessing = 0;
		};
/* End PBXSourcesBuildPhase section */

/* Begin PBXVariantGroup section */
		4CF8BB9E1EF5594D00F50541 /* Main.storyboard */ = {
			isa = PBXVariantGroup;
			children = (
				4CF8BB9F1EF5594D00F50541 /* Base */,
			);
			name = Main.storyboard;
			sourceTree = "<group>";
		};
		4CF8BBA31EF5594D00F50541 /* LaunchScreen.storyboard */ = {
			isa = PBXVariantGroup;
			children = (
				4CF8BBA41EF5594D00F50541 /* Base */,
			);
			name = LaunchScreen.storyboard;
			sourceTree = "<group>";
		};
/* End PBXVariantGroup section */

/* Begin XCBuildConfiguration section */
		4CF8BBA71EF5594D00F50541 /* Debug */ = {
			isa = XCBuildConfiguration;
			buildSettings = {
				ALWAYS_SEARCH_USER_PATHS = NO;
				CLANG_ANALYZER_NONNULL = YES;
				CLANG_ANALYZER_NUMBER_OBJECT_CONVERSION = YES_AGGRESSIVE;
				CLANG_CXX_LANGUAGE_STANDARD = "gnu++0x";
				CLANG_CXX_LIBRARY = "libc++";
				CLANG_ENABLE_MODULES = YES;
				CLANG_ENABLE_OBJC_ARC = YES;
				CLANG_WARN_BOOL_CONVERSION = YES;
				CLANG_WARN_CONSTANT_CONVERSION = YES;
				CLANG_WARN_DIRECT_OBJC_ISA_USAGE = YES_ERROR;
				CLANG_WARN_DOCUMENTATION_COMMENTS = YES;
				CLANG_WARN_EMPTY_BODY = YES;
				CLANG_WARN_ENUM_CONVERSION = YES;
				CLANG_WARN_INFINITE_RECURSION = YES;
				CLANG_WARN_INT_CONVERSION = YES;
				CLANG_WARN_OBJC_ROOT_CLASS = YES_ERROR;
				CLANG_WARN_SUSPICIOUS_MOVE = YES;
				CLANG_WARN_UNREACHABLE_CODE = YES;
				CLANG_WARN__DUPLICATE_METHOD_MATCH = YES;
				"CODE_SIGN_IDENTITY[sdk=iphoneos*]" = "iPhone Developer";
				COPY_PHASE_STRIP = NO;
				DEBUG_INFORMATION_FORMAT = dwarf;
				ENABLE_STRICT_OBJC_MSGSEND = YES;
				ENABLE_TESTABILITY = YES;
				GCC_C_LANGUAGE_STANDARD = gnu99;
				GCC_DYNAMIC_NO_PIC = NO;
				GCC_NO_COMMON_BLOCKS = YES;
				GCC_OPTIMIZATION_LEVEL = 0;
				GCC_PREPROCESSOR_DEFINITIONS = (
					"DEBUG=1",
					"$(inherited)",
				);
				GCC_WARN_64_TO_32_BIT_CONVERSION = YES;
				GCC_WARN_ABOUT_RETURN_TYPE = YES_ERROR;
				GCC_WARN_UNDECLARED_SELECTOR = YES;
				GCC_WARN_UNINITIALIZED_AUTOS = YES_AGGRESSIVE;
				GCC_WARN_UNUSED_FUNCTION = YES;
				GCC_WARN_UNUSED_VARIABLE = YES;
				IPHONEOS_DEPLOYMENT_TARGET = 10.3;
				MTL_ENABLE_DEBUG_INFO = YES;
				ONLY_ACTIVE_ARCH = YES;
				SDKROOT = iphoneos;
				SWIFT_ACTIVE_COMPILATION_CONDITIONS = DEBUG;
				SWIFT_OPTIMIZATION_LEVEL = "-Onone";
			};
			name = Debug;
		};
		4CF8BBA81EF5594D00F50541 /* Release */ = {
			isa = XCBuildConfiguration;
			buildSettings = {
				ALWAYS_SEARCH_USER_PATHS = NO;
				CLANG_ANALYZER_NONNULL = YES;
				CLANG_ANALYZER_NUMBER_OBJECT_CONVERSION = YES_AGGRESSIVE;
				CLANG_CXX_LANGUAGE_STANDARD = "gnu++0x";
				CLANG_CXX_LIBRARY = "libc++";
				CLANG_ENABLE_MODULES = YES;
				CLANG_ENABLE_OBJC_ARC = YES;
				CLANG_WARN_BOOL_CONVERSION = YES;
				CLANG_WARN_CONSTANT_CONVERSION = YES;
				CLANG_WARN_DIRECT_OBJC_ISA_USAGE = YES_ERROR;
				CLANG_WARN_DOCUMENTATION_COMMENTS = YES;
				CLANG_WARN_EMPTY_BODY = YES;
				CLANG_WARN_ENUM_CONVERSION = YES;
				CLANG_WARN_INFINITE_RECURSION = YES;
				CLANG_WARN_INT_CONVERSION = YES;
				CLANG_WARN_OBJC_ROOT_CLASS = YES_ERROR;
				CLANG_WARN_SUSPICIOUS_MOVE = YES;
				CLANG_WARN_UNREACHABLE_CODE = YES;
				CLANG_WARN__DUPLICATE_METHOD_MATCH = YES;
				"CODE_SIGN_IDENTITY[sdk=iphoneos*]" = "iPhone Developer";
				COPY_PHASE_STRIP = NO;
				DEBUG_INFORMATION_FORMAT = "dwarf-with-dsym";
				ENABLE_NS_ASSERTIONS = NO;
				ENABLE_STRICT_OBJC_MSGSEND = YES;
				GCC_C_LANGUAGE_STANDARD = gnu99;
				GCC_NO_COMMON_BLOCKS = YES;
				GCC_WARN_64_TO_32_BIT_CONVERSION = YES;
				GCC_WARN_ABOUT_RETURN_TYPE = YES_ERROR;
				GCC_WARN_UNDECLARED_SELECTOR = YES;
				GCC_WARN_UNINITIALIZED_AUTOS = YES_AGGRESSIVE;
				GCC_WARN_UNUSED_FUNCTION = YES;
				GCC_WARN_UNUSED_VARIABLE = YES;
				IPHONEOS_DEPLOYMENT_TARGET = 10.3;
				MTL_ENABLE_DEBUG_INFO = NO;
				SDKROOT = iphoneos;
				SWIFT_OPTIMIZATION_LEVEL = "-Owholemodule";
				VALIDATE_PRODUCT = YES;
			};
			name = Release;
		};
		4CF8BBAA1EF5594D00F50541 /* Debug */ = {
			isa = XCBuildConfiguration;
			buildSettings = {
				ASSETCATALOG_COMPILER_APPICON_NAME = AppIcon;
				INFOPLIST_FILE = "Days To Go/Info.plist";
				LD_RUNPATH_SEARCH_PATHS = "$(inherited) @executable_path/Frameworks";
				PRODUCT_BUNDLE_IDENTIFIER = "joeriggs.Days-To-Go";
				PRODUCT_NAME = "$(TARGET_NAME)";
				SWIFT_VERSION = 3.0;
			};
			name = Debug;
		};
		4CF8BBAB1EF5594D00F50541 /* Release */ = {
			isa = XCBuildConfiguration;
			buildSettings = {
				ASSETCATALOG_COMPILER_APPICON_NAME = AppIcon;
				INFOPLIST_FILE = "Days To Go/Info.plist";
				LD_RUNPATH_SEARCH_PATHS = "$(inherited) @executable_path/Frameworks";
				PRODUCT_BUNDLE_IDENTIFIER = "joeriggs.Days-To-Go";
				PRODUCT_NAME = "$(TARGET_NAME)";
				SWIFT_VERSION = 3.0;
			};
			name = Release;
		};
/* End XCBuildConfiguration section */

/* Begin XCConfigurationList section */
		4CF8BB921EF5594C00F50541 /* Build configuration list for PBXProject "Days To Go" */ = {
			isa = XCConfigurationList;
			buildConfigurations = (
				4CF8BBA71EF5594D00F50541 /* Debug */,
				4CF8BBA81EF5594D00F50541 /* Release */,
			);
			defaultConfigurationIsVisible = 0;
			defaultConfigurationName = Release;
		};
		4CF8BBA91EF5594D00F50541 /* Build configuration list for PBXNativeTarget "Days To Go" */ = {
			isa = XCConfigurationList;
			buildConfigurations = (
				4CF8BBAA1EF5594D00F50541 /* Debug */,
				4CF8BBAB1EF5594D00F50541 /* Release */,
			);
			defaultConfigurationIsVisible = 0;
			defaultConfigurationName = Release;
		};
/* End XCConfigurationList section */
	};
	rootObject = 4CF8BB8F1EF5594C00F50541 /* Project object */;
}
